
Microsoft Visual Studio Solution File, Format Version 12.00
# Visual Studio 15
VisualStudioVersion = 15.0.28307.271
MinimumVisualStudioVersion = 10.0.40219.1
Project("{FAE04EC0-301F-11D3-BF4B-00C04F79EFBC}") = "Taixevaxe", "Taixevaxe\Taixevaxe.csproj", "{52775EA6-1468-404D-8A8B-F07472F82FBA}"
EndProject
Global
	GlobalSection(SolutionConfigurationPlatforms) = preSolution
		Debug|Any CPU = Debug|Any CPU
		Release|Any CPU = Release|Any CPU
	EndGlobalSection
	GlobalSection(ProjectConfigurationPlatforms) = postSolution
		{52775EA6-1468-404D-8A8B-F07472F82FBA}.Debug|Any CPU.ActiveCfg = Debug|Any CPU
		{52775EA6-1468-404D-8A8B-F07472F82FBA}.Debug|Any CPU.Build.0 = Debug|Any CPU
		{52775EA6-1468-404D-8A8B-F07472F82FBA}.Release|Any CPU.ActiveCfg = Release|Any CPU
		{52775EA6-1468-404D-8A8B-F07472F82FBA}.Release|Any CPU.Build.0 = Release|Any CPU
	EndGlobalSection
	GlobalSection(SolutionProperties) = preSolution
		HideSolutionNode = FALSE
	EndGlobalSection
	GlobalSection(ExtensibilityGlobals) = postSolution
		SolutionGuid = {B3E4CC6A-6E36-4D6C-8988-76A7C0988967}
	EndGlobalSection
EndGlobal
